
Microsoft Visual Studio Solution File, Format Version 12.00
# Visual Studio 15
VisualStudioVersion = 15.0.28307.168
MinimumVisualStudioVersion = 10.0.40219.1
Project("{8BC9CEB8-8B4A-11D0-8D11-00A0C91BC942}") = "vk_trainee", "vk_trainee.vcxproj", "{0789F911-53C0-4D2F-BA47-5930AD9291FF}"
EndProject
Global
	GlobalSection(SolutionConfigurationPlatforms) = preSolution
		Debug|x64 = Debug|x64
		Debug|x86 = Debug|x86
		Release|x64 = Release|x64
		Release|x86 = Release|x86
	EndGlobalSection
	GlobalSection(ProjectConfigurationPlatforms) = postSolution
		{0789F911-53C0-4D2F-BA47-5930AD9291FF}.Debug|x64.ActiveCfg = Debug|x64
		{0789F911-53C0-4D2F-BA47-5930AD9291FF}.Debug|x64.Build.0 = Debug|x64
		{0789F911-53C0-4D2F-BA47-5930AD9291FF}.Debug|x86.ActiveCfg = Debug|Win32
		{0789F911-53C0-4D2F-BA47-5930AD9291FF}.Debug|x86.Build.0 = Debug|Win32
		{0789F911-53C0-4D2F-BA47-5930AD9291FF}.Release|x64.ActiveCfg = Release|x64
		{0789F911-53C0-4D2F-BA47-5930AD9291FF}.Release|x64.Build.0 = Release|x64
		{0789F911-53C0-4D2F-BA47-5930AD9291FF}.Release|x86.ActiveCfg = Release|Win32
		{0789F911-53C0-4D2F-BA47-5930AD9291FF}.Release|x86.Build.0 = Release|Win32
	EndGlobalSection
	GlobalSection(SolutionProperties) = preSolution
		HideSolutionNode = FALSE
	EndGlobalSection
	GlobalSection(ExtensibilityGlobals) = postSolution
		SolutionGuid = {F27FABA6-6D30-46A6-9DA9-757117F44B56}
	EndGlobalSection
EndGlobal
